PODS:
  - Masonry (1.1.0)
  - MLCKit/Category (0.0.2)
  - MLCKit/Macro (0.0.2)
  - MLCKit/Proxy (0.0.2)

DEPENDENCIES:
  - Masonry (= 1.1.0)
  - MLCKit/Category (from `https://github.com/mlcldh/MLCKit.git`, commit `4a5635b`)
  - MLCKit/Macro (from `https://github.com/mlcldh/MLCKit.git`, commit `4a5635b`)
  - MLCKit/Proxy (from `https://github.com/mlcldh/MLCKit.git`, commit `4a5635b`)

SPEC REPOS:
  https://github.com/CocoaPods/Specs.git:
    - Masonry

EXTERNAL SOURCES:
  MLCKit:
    :commit: 4a5635b
    :git: https://github.com/mlcldh/MLCKit.git

CHECKOUT OPTIONS:
  MLCKit:
    :commit: 4a5635b
    :git: https://github.com/mlcldh/MLCKit.git

SPEC CHECKSUMS:
  Masonry: 678fab65091a9290e40e2832a55e7ab731aad201
  MLCKit: 08d755905d5e875491da32ec45f40e357ff797a8

PODFILE CHECKSUM: 29676a043245b2acd528e65618a4ee1cf49bc8c6

COCOAPODS: 1.9.3
